
Microsoft Visual Studio Solution File, Format Version 12.00
# Visual Studio Version 17
VisualStudioVersion = 17.5.33502.453
MinimumVisualStudioVersion = 10.0.40219.1
Project("{FAE04EC0-301F-11D3-BF4B-00C04F79EFBC}") = "GraphTheory.Core", "GraphTheory.Core\GraphTheory.Core.csproj", "{DEEF1505-B303-462A-8153-49349DA434CE}"
EndProject
Global
	GlobalSection(SolutionConfigurationPlatforms) = preSolution
		Debug|Any CPU = Debug|Any CPU
		Release|Any CPU = Release|Any CPU
	EndGlobalSection
	GlobalSection(ProjectConfigurationPlatforms) = postSolution
		{DEEF1505-B303-462A-8153-49349DA434CE}.Debug|Any CPU.ActiveCfg = Debug|Any CPU
		{DEEF1505-B303-462A-8153-49349DA434CE}.Debug|Any CPU.Build.0 = Debug|Any CPU
		{DEEF1505-B303-462A-8153-49349DA434CE}.Release|Any CPU.ActiveCfg = Release|Any CPU
		{DEEF1505-B303-462A-8153-49349DA434CE}.Release|Any CPU.Build.0 = Release|Any CPU
	EndGlobalSection
	GlobalSection(SolutionProperties) = preSolution
		HideSolutionNode = FALSE
	EndGlobalSection
	GlobalSection(ExtensibilityGlobals) = postSolution
		SolutionGuid = {B287213F-9443-4A5A-8D42-322E6EDADAFD}
	EndGlobalSection
EndGlobal
